
Microsoft Visual Studio Solution File, Format Version 12.00
# Visual Studio Version 17
VisualStudioVersion = 17.9.34714.143
MinimumVisualStudioVersion = 10.0.40219.1
Project("{FAE04EC0-301F-11D3-BF4B-00C04F79EFBC}") = "Payroll.Api", "Payroll.Api\Payroll.Api.csproj", "{C6788F1B-965B-4CEF-86A4-CA3270577418}"
EndProject
Project("{FAE04EC0-301F-11D3-BF4B-00C04F79EFBC}") = "Payroll.Core", "Payroll.Core\Payroll.Core.csproj", "{FB40FF92-B48E-4B5E-993A-960747BB0BAB}"
EndProject
Project("{FAE04EC0-301F-11D3-BF4B-00C04F79EFBC}") = "Payroll.Infrastructure", "Payroll.Infrastructure\Payroll.Infrastructure.csproj", "{FA8F27C3-7E3C-4923-B8A2-956ACF408540}"
EndProject
Global
	GlobalSection(SolutionConfigurationPlatforms) = preSolution
		Debug|Any CPU = Debug|Any CPU
		Release|Any CPU = Release|Any CPU
	EndGlobalSection
	GlobalSection(ProjectConfigurationPlatforms) = postSolution
		{C6788F1B-965B-4CEF-86A4-CA3270577418}.Debug|Any CPU.ActiveCfg = Debug|Any CPU
		{C6788F1B-965B-4CEF-86A4-CA3270577418}.Debug|Any CPU.Build.0 = Debug|Any CPU
		{C6788F1B-965B-4CEF-86A4-CA3270577418}.Release|Any CPU.ActiveCfg = Release|Any CPU
		{C6788F1B-965B-4CEF-86A4-CA3270577418}.Release|Any CPU.Build.0 = Release|Any CPU
		{FB40FF92-B48E-4B5E-993A-960747BB0BAB}.Debug|Any CPU.ActiveCfg = Debug|Any CPU
		{FB40FF92-B48E-4B5E-993A-960747BB0BAB}.Debug|Any CPU.Build.0 = Debug|Any CPU
		{FB40FF92-B48E-4B5E-993A-960747BB0BAB}.Release|Any CPU.ActiveCfg = Release|Any CPU
		{FB40FF92-B48E-4B5E-993A-960747BB0BAB}.Release|Any CPU.Build.0 = Release|Any CPU
		{FA8F27C3-7E3C-4923-B8A2-956ACF408540}.Debug|Any CPU.ActiveCfg = Debug|Any CPU
		{FA8F27C3-7E3C-4923-B8A2-956ACF408540}.Debug|Any CPU.Build.0 = Debug|Any CPU
		{FA8F27C3-7E3C-4923-B8A2-956ACF408540}.Release|Any CPU.ActiveCfg = Release|Any CPU
		{FA8F27C3-7E3C-4923-B8A2-956ACF408540}.Release|Any CPU.Build.0 = Release|Any CPU
	EndGlobalSection
	GlobalSection(SolutionProperties) = preSolution
		HideSolutionNode = FALSE
	EndGlobalSection
	GlobalSection(ExtensibilityGlobals) = postSolution
		SolutionGuid = {D5CFA2FB-1484-493F-BC49-A4667B6CD9F5}
	EndGlobalSection
EndGlobal
